
Microsoft Visual Studio Solution File, Format Version 12.00
# Visual Studio Version 17
VisualStudioVersion = 17.7.34221.43
MinimumVisualStudioVersion = 10.0.40219.1
Project("{FAE04EC0-301F-11D3-BF4B-00C04F79EFBC}") = "WebApiTest2", "WebApiTest2.csproj", "{0AC5C833-92CD-4A06-AFE0-88EF7C94E594}"
EndProject
Global
	GlobalSection(SolutionConfigurationPlatforms) = preSolution
		Debug|Any CPU = Debug|Any CPU
		Release|Any CPU = Release|Any CPU
	EndGlobalSection
	GlobalSection(ProjectConfigurationPlatforms) = postSolution
		{0AC5C833-92CD-4A06-AFE0-88EF7C94E594}.Debug|Any CPU.ActiveCfg = Debug|Any CPU
		{0AC5C833-92CD-4A06-AFE0-88EF7C94E594}.Debug|Any CPU.Build.0 = Debug|Any CPU
		{0AC5C833-92CD-4A06-AFE0-88EF7C94E594}.Release|Any CPU.ActiveCfg = Release|Any CPU
		{0AC5C833-92CD-4A06-AFE0-88EF7C94E594}.Release|Any CPU.Build.0 = Release|Any CPU
	EndGlobalSection
	GlobalSection(SolutionProperties) = preSolution
		HideSolutionNode = FALSE
	EndGlobalSection
	GlobalSection(ExtensibilityGlobals) = postSolution
		SolutionGuid = {9070A76B-3FB8-4949-8310-1B5F5A946E46}
	EndGlobalSection
EndGlobal
